
Microsoft Visual Studio Solution File, Format Version 12.00
# Visual Studio Version 17
VisualStudioVersion = 17.14.37411.7 d17.14
MinimumVisualStudioVersion = 10.0.40219.1
Project("{FAE04EC0-301F-11D3-BF4B-00C04F79EFBC}") = "PCRepairCaseTracker", "PCRepairCaseTracker\PCRepairCaseTracker.csproj", "{575B2D6E-CD2B-40BF-BFCE-84D3458A1309}"
EndProject
Global
	GlobalSection(SolutionConfigurationPlatforms) = preSolution
		Debug|Any CPU = Debug|Any CPU
		Release|Any CPU = Release|Any CPU
	EndGlobalSection
	GlobalSection(ProjectConfigurationPlatforms) = postSolution
		{575B2D6E-CD2B-40BF-BFCE-84D3458A1309}.Debug|Any CPU.ActiveCfg = Debug|Any CPU
		{575B2D6E-CD2B-40BF-BFCE-84D3458A1309}.Debug|Any CPU.Build.0 = Debug|Any CPU
		{575B2D6E-CD2B-40BF-BFCE-84D3458A1309}.Release|Any CPU.ActiveCfg = Release|Any CPU
		{575B2D6E-CD2B-40BF-BFCE-84D3458A1309}.Release|Any CPU.Build.0 = Release|Any CPU
	EndGlobalSection
	GlobalSection(SolutionProperties) = preSolution
		HideSolutionNode = FALSE
	EndGlobalSection
	GlobalSection(ExtensibilityGlobals) = postSolution
		SolutionGuid = {8B76FC4E-E045-45CB-907F-F6ED2AAA6B84}
	EndGlobalSection
EndGlobal
